
Microsoft Visual Studio Solution File, Format Version 12.00
# Visual Studio Version 17
VisualStudioVersion = 17.0.31903.59
MinimumVisualStudioVersion = 10.0.40219.1
Project("{FAE04EC0-301F-11D3-BF4B-00C04F79EFBC}") = "FlyingDutchmanAirlines", "FlyingDutchmanAirlines\FlyingDutchmanAirlines.csproj", "{5A6D3B3A-1718-4D36-9CF8-A41168E4CD94}"
EndProject
Project("{FAE04EC0-301F-11D3-BF4B-00C04F79EFBC}") = "FlyingDutchmanAirlines_Tests", "FlyingDutchmanAirlines_Tests\FlyingDutchmanAirlines_Tests.csproj", "{7F934FA6-ED07-44EA-B315-04107537DBB4}"
EndProject
Global
	GlobalSection(SolutionConfigurationPlatforms) = preSolution
		Debug|Any CPU = Debug|Any CPU
		Release|Any CPU = Release|Any CPU
	EndGlobalSection
	GlobalSection(SolutionProperties) = preSolution
		HideSolutionNode = FALSE
	EndGlobalSection
	GlobalSection(ProjectConfigurationPlatforms) = postSolution
		{5A6D3B3A-1718-4D36-9CF8-A41168E4CD94}.Debug|Any CPU.ActiveCfg = Debug|Any CPU
		{5A6D3B3A-1718-4D36-9CF8-A41168E4CD94}.Debug|Any CPU.Build.0 = Debug|Any CPU
		{5A6D3B3A-1718-4D36-9CF8-A41168E4CD94}.Release|Any CPU.ActiveCfg = Release|Any CPU
		{5A6D3B3A-1718-4D36-9CF8-A41168E4CD94}.Release|Any CPU.Build.0 = Release|Any CPU
		{7F934FA6-ED07-44EA-B315-04107537DBB4}.Debug|Any CPU.ActiveCfg = Debug|Any CPU
		{7F934FA6-ED07-44EA-B315-04107537DBB4}.Debug|Any CPU.Build.0 = Debug|Any CPU
		{7F934FA6-ED07-44EA-B315-04107537DBB4}.Release|Any CPU.ActiveCfg = Release|Any CPU
		{7F934FA6-ED07-44EA-B315-04107537DBB4}.Release|Any CPU.Build.0 = Release|Any CPU
	EndGlobalSection
EndGlobal
